
Microsoft Visual Studio Solution File, Format Version 12.00
# Visual Studio Version 17
VisualStudioVersion = 17.14.36616.10
MinimumVisualStudioVersion = 10.0.40219.1
Project("{FAE04EC0-301F-11D3-BF4B-00C04F79EFBC}") = "AviaCompany", "RKP\AviaCompany.csproj", "{EA229CD3-E375-4244-BA72-0ABE31C35D92}"
EndProject
Global
	GlobalSection(SolutionConfigurationPlatforms) = preSolution
		Debug|Any CPU = Debug|Any CPU
		Release|Any CPU = Release|Any CPU
	EndGlobalSection
	GlobalSection(ProjectConfigurationPlatforms) = postSolution
		{EA229CD3-E375-4244-BA72-0ABE31C35D92}.Debug|Any CPU.ActiveCfg = Debug|Any CPU
		{EA229CD3-E375-4244-BA72-0ABE31C35D92}.Debug|Any CPU.Build.0 = Debug|Any CPU
		{EA229CD3-E375-4244-BA72-0ABE31C35D92}.Release|Any CPU.ActiveCfg = Release|Any CPU
		{EA229CD3-E375-4244-BA72-0ABE31C35D92}.Release|Any CPU.Build.0 = Release|Any CPU
	EndGlobalSection
	GlobalSection(SolutionProperties) = preSolution
		HideSolutionNode = FALSE
	EndGlobalSection
	GlobalSection(ExtensibilityGlobals) = postSolution
		SolutionGuid = {820AE616-BAFE-4ABD-B2F6-437F7B9428DE}
	EndGlobalSection
EndGlobal
