
Microsoft Visual Studio Solution File, Format Version 12.00
# Visual Studio Version 17
VisualStudioVersion = 17.14.36616.10
MinimumVisualStudioVersion = 10.0.40219.1
Project("{FAE04EC0-301F-11D3-BF4B-00C04F79EFBC}") = "AviaCompany.Domain", "AviaCompany.Domain\AviaCompany.Domain.csproj", "{286D9444-7E66-4076-93A4-156460C1B73D}"
EndProject
Project("{FAE04EC0-301F-11D3-BF4B-00C04F79EFBC}") = "AviaCompany.Tests", "AviaCompany.Tests\AviaCompany.Tests.csproj", "{99FC1A1F-A9C0-4706-A6C5-3039AD096197}"
EndProject
Project("{FAE04EC0-301F-11D3-BF4B-00C04F79EFBC}") = "AviaCompany.Application.Contracts", "AviaCompany.Application.Contracts\AviaCompany.Application.Contracts.csproj", "{37E82F9E-7520-4CED-B66D-B402CD74B71D}"
EndProject
Project("{FAE04EC0-301F-11D3-BF4B-00C04F79EFBC}") = "AviaCompany.Application", "AviaCompany.Application\AviaCompany.Application.csproj", "{162FAAE1-37DC-4A42-A98C-19BEDECEF2E3}"
EndProject
Project("{FAE04EC0-301F-11D3-BF4B-00C04F79EFBC}") = "AviaCompany.Infrastructure.EfCore", "AviaCompany.Infrastructure.EfCore\AviaCompany.Infrastructure.EfCore.csproj", "{20F1C744-AB30-42E7-914D-62C242725DD9}"
EndProject
Project("{FAE04EC0-301F-11D3-BF4B-00C04F79EFBC}") = "AviaCompany.WebApi", "AviaCompany.WebApi\AviaCompany.WebApi.csproj", "{2E8ADC85-1C68-41CB-9815-821CAAB6D4E5}"
EndProject
Project("{FAE04EC0-301F-11D3-BF4B-00C04F79EFBC}") = "AviaCompany.AppHost", "AviaCompany.AppHost\AviaCompany.AppHost.csproj", "{CCBFEBE3-172A-4850-833F-51795457D4DE}"
EndProject
Project("{FAE04EC0-301F-11D3-BF4B-00C04F79EFBC}") = "AviaCompany.ServiceDefaults", "AviaCompany.ServiceDefaults\AviaCompany.ServiceDefaults.csproj", "{6909352E-A210-4DC9-9778-9A60C462F2F9}"
EndProject
Project("{FAE04EC0-301F-11D3-BF4B-00C04F79EFBC}") = "AviaCompany.Grpc", "AviaCompany.Generator\AviaCompany.Grpc.csproj", "{719C4F57-49B1-8AE3-20C7-DA9DAB8F163C}"
EndProject
Project("{FAE04EC0-301F-11D3-BF4B-00C04F79EFBC}") = "AviaCompany.GrpcContracts", "AviaCompany.GrpcContracts\AviaCompany.GrpcContracts.csproj", "{DC2CAB9D-73B8-4D1B-A386-53928CDD596D}"
EndProject
Global
	GlobalSection(SolutionConfigurationPlatforms) = preSolution
		Debug|Any CPU = Debug|Any CPU
		Release|Any CPU = Release|Any CPU
	EndGlobalSection
	GlobalSection(ProjectConfigurationPlatforms) = postSolution
		{286D9444-7E66-4076-93A4-156460C1B73D}.Debug|Any CPU.ActiveCfg = Debug|Any CPU
		{286D9444-7E66-4076-93A4-156460C1B73D}.Debug|Any CPU.Build.0 = Debug|Any CPU
		{286D9444-7E66-4076-93A4-156460C1B73D}.Release|Any CPU.ActiveCfg = Release|Any CPU
		{286D9444-7E66-4076-93A4-156460C1B73D}.Release|Any CPU.Build.0 = Release|Any CPU
		{99FC1A1F-A9C0-4706-A6C5-3039AD096197}.Debug|Any CPU.ActiveCfg = Debug|Any CPU
		{99FC1A1F-A9C0-4706-A6C5-3039AD096197}.Debug|Any CPU.Build.0 = Debug|Any CPU
		{99FC1A1F-A9C0-4706-A6C5-3039AD096197}.Release|Any CPU.ActiveCfg = Release|Any CPU
		{99FC1A1F-A9C0-4706-A6C5-3039AD096197}.Release|Any CPU.Build.0 = Release|Any CPU
		{37E82F9E-7520-4CED-B66D-B402CD74B71D}.Debug|Any CPU.ActiveCfg = Debug|Any CPU
		{37E82F9E-7520-4CED-B66D-B402CD74B71D}.Debug|Any CPU.Build.0 = Debug|Any CPU
		{37E82F9E-7520-4CED-B66D-B402CD74B71D}.Release|Any CPU.ActiveCfg = Release|Any CPU
		{37E82F9E-7520-4CED-B66D-B402CD74B71D}.Release|Any CPU.Build.0 = Release|Any CPU
		{162FAAE1-37DC-4A42-A98C-19BEDECEF2E3}.Debug|Any CPU.ActiveCfg = Debug|Any CPU
		{162FAAE1-37DC-4A42-A98C-19BEDECEF2E3}.Debug|Any CPU.Build.0 = Debug|Any CPU
		{162FAAE1-37DC-4A42-A98C-19BEDECEF2E3}.Release|Any CPU.ActiveCfg = Release|Any CPU
		{162FAAE1-37DC-4A42-A98C-19BEDECEF2E3}.Release|Any CPU.Build.0 = Release|Any CPU
		{20F1C744-AB30-42E7-914D-62C242725DD9}.Debug|Any CPU.ActiveCfg = Debug|Any CPU
		{20F1C744-AB30-42E7-914D-62C242725DD9}.Debug|Any CPU.Build.0 = Debug|Any CPU
		{20F1C744-AB30-42E7-914D-62C242725DD9}.Release|Any CPU.ActiveCfg = Release|Any CPU
		{20F1C744-AB30-42E7-914D-62C242725DD9}.Release|Any CPU.Build.0 = Release|Any CPU
		{2E8ADC85-1C68-41CB-9815-821CAAB6D4E5}.Debug|Any CPU.ActiveCfg = Debug|Any CPU
		{2E8ADC85-1C68-41CB-9815-821CAAB6D4E5}.Debug|Any CPU.Build.0 = Debug|Any CPU
		{2E8ADC85-1C68-41CB-9815-821CAAB6D4E5}.Release|Any CPU.ActiveCfg = Release|Any CPU
		{2E8ADC85-1C68-41CB-9815-821CAAB6D4E5}.Release|Any CPU.Build.0 = Release|Any CPU
		{CCBFEBE3-172A-4850-833F-51795457D4DE}.Debug|Any CPU.ActiveCfg = Debug|Any CPU
		{CCBFEBE3-172A-4850-833F-51795457D4DE}.Debug|Any CPU.Build.0 = Debug|Any CPU
		{CCBFEBE3-172A-4850-833F-51795457D4DE}.Release|Any CPU.ActiveCfg = Release|Any CPU
		{CCBFEBE3-172A-4850-833F-51795457D4DE}.Release|Any CPU.Build.0 = Release|Any CPU
		{6909352E-A210-4DC9-9778-9A60C462F2F9}.Debug|Any CPU.ActiveCfg = Debug|Any CPU
		{6909352E-A210-4DC9-9778-9A60C462F2F9}.Debug|Any CPU.Build.0 = Debug|Any CPU
		{6909352E-A210-4DC9-9778-9A60C462F2F9}.Release|Any CPU.ActiveCfg = Release|Any CPU
		{6909352E-A210-4DC9-9778-9A60C462F2F9}.Release|Any CPU.Build.0 = Release|Any CPU
		{719C4F57-49B1-8AE3-20C7-DA9DAB8F163C}.Debug|Any CPU.ActiveCfg = Debug|Any CPU
		{719C4F57-49B1-8AE3-20C7-DA9DAB8F163C}.Debug|Any CPU.Build.0 = Debug|Any CPU
		{719C4F57-49B1-8AE3-20C7-DA9DAB8F163C}.Release|Any CPU.ActiveCfg = Release|Any CPU
		{719C4F57-49B1-8AE3-20C7-DA9DAB8F163C}.Release|Any CPU.Build.0 = Release|Any CPU
		{DC2CAB9D-73B8-4D1B-A386-53928CDD596D}.Debug|Any CPU.ActiveCfg = Debug|Any CPU
		{DC2CAB9D-73B8-4D1B-A386-53928CDD596D}.Debug|Any CPU.Build.0 = Debug|Any CPU
		{DC2CAB9D-73B8-4D1B-A386-53928CDD596D}.Release|Any CPU.ActiveCfg = Release|Any CPU
		{DC2CAB9D-73B8-4D1B-A386-53928CDD596D}.Release|Any CPU.Build.0 = Release|Any CPU
	EndGlobalSection
	GlobalSection(SolutionProperties) = preSolution
		HideSolutionNode = FALSE
	EndGlobalSection
	GlobalSection(ExtensibilityGlobals) = postSolution
		SolutionGuid = {820FC006-E19D-4ED6-9E62-E7843066121B}
	EndGlobalSection
EndGlobal
